
Microsoft Visual Studio Solution File, Format Version 12.00
# Visual Studio Version 17
VisualStudioVersion = 17.5.33627.172
MinimumVisualStudioVersion = 10.0.40219.1
Project("{54A90642-561A-4BB1-A94E-469ADEE60C69}") = "angularapp", "angularapp\angularapp.esproj", "{C8A90381-C4CF-4A05-85CD-C5D591FC3083}"
EndProject
Project("{9A19103F-16F7-4668-BE54-9A1E7A4F7556}") = "webapi", "webapi\webapi.csproj", "{88EC5E8F-4F06-499B-813E-C57DB59F1B9B}"
EndProject
Global
	GlobalSection(SolutionConfigurationPlatforms) = preSolution
		Debug|Any CPU = Debug|Any CPU
		Release|Any CPU = Release|Any CPU
	EndGlobalSection
	GlobalSection(ProjectConfigurationPlatforms) = postSolution
		{C8A90381-C4CF-4A05-85CD-C5D591FC3083}.Debug|Any CPU.ActiveCfg = Debug|Any CPU
		{C8A90381-C4CF-4A05-85CD-C5D591FC3083}.Debug|Any CPU.Build.0 = Debug|Any CPU
		{C8A90381-C4CF-4A05-85CD-C5D591FC3083}.Debug|Any CPU.Deploy.0 = Debug|Any CPU
		{C8A90381-C4CF-4A05-85CD-C5D591FC3083}.Release|Any CPU.ActiveCfg = Release|Any CPU
		{C8A90381-C4CF-4A05-85CD-C5D591FC3083}.Release|Any CPU.Build.0 = Release|Any CPU
		{C8A90381-C4CF-4A05-85CD-C5D591FC3083}.Release|Any CPU.Deploy.0 = Release|Any CPU
		{88EC5E8F-4F06-499B-813E-C57DB59F1B9B}.Debug|Any CPU.ActiveCfg = Debug|Any CPU
		{88EC5E8F-4F06-499B-813E-C57DB59F1B9B}.Debug|Any CPU.Build.0 = Debug|Any CPU
		{88EC5E8F-4F06-499B-813E-C57DB59F1B9B}.Release|Any CPU.ActiveCfg = Release|Any CPU
		{88EC5E8F-4F06-499B-813E-C57DB59F1B9B}.Release|Any CPU.Build.0 = Release|Any CPU
	EndGlobalSection
	GlobalSection(SolutionProperties) = preSolution
		HideSolutionNode = FALSE
	EndGlobalSection
	GlobalSection(ExtensibilityGlobals) = postSolution
		SolutionGuid = {22CCE71C-8207-46BA-A3D2-483FFE44088B}
	EndGlobalSection
EndGlobal
